<?xml version="1.0" encoding="utf-8"?>
<Project ToolsVersion="4.0" xmlns="http://schemas.microsoft.com/developer/msbuild/2003">
  <ItemGroup>
    <Filter Include="소스 파일">
      <UniqueIdentifier>{4FC737F1-C7A5-4376-A066-2A32D752A2FF}</UniqueIdentifier>
      <Extensions>cpp;c;cc;cxx;def;odl;idl;hpj;bat;asm;asmx</Extensions>
    </Filter>
    <Filter Include="헤더 파일">
      <UniqueIdentifier>{93995380-89BD-4b04-88EB-625FBE52EBFB}</UniqueIdentifier>
      <Extensions>h;hpp;hxx;hm;inl;inc;xsd</Extensions>
    </Filter>
    <Filter Include="리소스 파일">
      <UniqueIdentifier>{67DA6AB6-F800-4c08-8B7A-83BB121AAD01}</UniqueIdentifier>
      <Extensions>rc;ico;cur;bmp;dlg;rc2;rct;bin;rgs;gif;jpg;jpeg;jpe;resx;tiff;tif;png;wav;mfcribbon-ms</Extensions>
    </Filter>
  </ItemGroup>
  <ItemGroup>
    <None Include="ReadMe.txt" />
    <None Include="res\YELLOW.bmp">
      <Filter>리소스 파일</Filter>
    </None>
    <None Include="res\VIOLET.bmp">
      <Filter>리소스 파일</Filter>
    </None>
    <None Include="res\RED.bmp">
      <Filter>리소스 파일</Filter>
    </None>
    <None Include="res\ORANGE.bmp">
      <Filter>리소스 파일</Filter>
    </None>
    <None Include="res\NONE.bmp">
      <Filter>리소스 파일</Filter>
    </None>
    <None Include="res\GREEN.bmp">
      <Filter>리소스 파일</Filter>
    </None>
    <None Include="res\GRAY.bmp">
      <Filter>리소스 파일</Filter>
    </None>
    <None Include="res\BLUE.bmp">
      <Filter>리소스 파일</Filter>
    </None>
    <None Include="res\BROWN.bmp">
      <Filter>리소스 파일</Filter>
    </None>
    <None Include="res\PINK.bmp">
      <Filter>리소스 파일</Filter>
    </None>
    <None Include="res\WHITE.bmp">
      <Filter>리소스 파일</Filter>
    </None>
    <None Include="res\nextBlock.bmp">
      <Filter>리소스 파일</Filter>
    </None>
    <None Include="res\menuPanel.bmp">
      <Filter>리소스 파일</Filter>
    </None>
    <None Include="res\HowToPlay.bmp">
      <Filter>리소스 파일</Filter>
    </None>
    <None Include="res\version.bmp">
      <Filter>리소스 파일</Filter>
    </None>
    <None Include="res\icon.bmp">
      <Filter>리소스 파일</Filter>
    </None>
    <None Include="res\iconX.bmp">
      <Filter>리소스 파일</Filter>
    </None>
    <None Include="res\iconZ.bmp">
      <Filter>리소스 파일</Filter>
    </None>
    <None Include="res\icon0.bmp">
      <Filter>리소스 파일</Filter>
    </None>
    <None Include="res\icon1.bmp">
      <Filter>리소스 파일</Filter>
    </None>
    <None Include="res\icon2.bmp">
      <Filter>리소스 파일</Filter>
    </None>
    <None Include="res\icon3.bmp">
      <Filter>리소스 파일</Filter>
    </None>
    <None Include="res\iconC.bmp">
      <Filter>리소스 파일</Filter>
    </None>
    <None Include="res\HighScore.bmp">
      <Filter>리소스 파일</Filter>
    </None>
    <None Include="res\GameOver.bmp">
      <Filter>리소스 파일</Filter>
    </None>
    <None Include="res\start.bmp">
      <Filter>리소스 파일</Filter>
    </None>
    <None Include="res\start2.bmp">
      <Filter>리소스 파일</Filter>
    </None>
    <None Include="res\BROKEN.bmp">
      <Filter>리소스 파일</Filter>
    </None>
    <None Include="res\clear.wav">
      <Filter>리소스 파일</Filter>
    </None>
    <None Include="res\down.wav">
      <Filter>리소스 파일</Filter>
    </None>
    <None Include="res\levelUp.wav">
      <Filter>리소스 파일</Filter>
    </None>
    <None Include="res\rotate.wav">
      <Filter>리소스 파일</Filter>
    </None>
    <None Include="res\ico.ico">
      <Filter>리소스 파일</Filter>
    </None>
    <None Include="res\hextris.ico">
      <Filter>리소스 파일</Filter>
    </None>
    <None Include="res\BGM.wav">
      <Filter>리소스 파일</Filter>
    </None>
  </ItemGroup>
  <ItemGroup>
    <ClInclude Include="stdafx.h">
      <Filter>헤더 파일</Filter>
    </ClInclude>
    <ClInclude Include="targetver.h">
      <Filter>헤더 파일</Filter>
    </ClInclude>
    <ClInclude Include="MainFrm.h">
      <Filter>헤더 파일</Filter>
    </ClInclude>
    <ClInclude Include="ChildView.h">
      <Filter>헤더 파일</Filter>
    </ClInclude>
    <ClInclude Include="Resource.h">
      <Filter>헤더 파일</Filter>
    </ClInclude>
    <ClInclude Include="Block.h">
      <Filter>헤더 파일</Filter>
    </ClInclude>
    <ClInclude Include="BufferDC.h">
      <Filter>헤더 파일</Filter>
    </ClInclude>
    <ClInclude Include="Dlg_Game_HighScore.h">
      <Filter>헤더 파일</Filter>
    </ClInclude>
    <ClInclude Include="Dlg_Game_Setup.h">
      <Filter>헤더 파일</Filter>
    </ClInclude>
    <ClInclude Include="Dlg_Help_Version.h">
      <Filter>헤더 파일</Filter>
    </ClInclude>
    <ClInclude Include="BackGround.h">
      <Filter>헤더 파일</Filter>
    </ClInclude>
    <ClInclude Include="Dlg_Help_HowToPlay.h">
      <Filter>헤더 파일</Filter>
    </ClInclude>
    <ClInclude Include="Game.h">
      <Filter>헤더 파일</Filter>
    </ClInclude>
    <ClInclude Include="Dlg_GameOver.h">
      <Filter>헤더 파일</Filter>
    </ClInclude>
    <ClInclude Include="hextris.h">
      <Filter>헤더 파일</Filter>
    </ClInclude>
  </ItemGroup>
  <ItemGroup>
    <ClCompile Include="stdafx.cpp">
      <Filter>소스 파일</Filter>
    </ClCompile>
    <ClCompile Include="MainFrm.cpp">
      <Filter>소스 파일</Filter>
    </ClCompile>
    <ClCompile Include="ChildView.cpp">
      <Filter>소스 파일</Filter>
    </ClCompile>
    <ClCompile Include="BufferDC.cpp">
      <Filter>헤더 파일</Filter>
    </ClCompile>
    <ClCompile Include="Dlg_Game_HighScore.cpp">
      <Filter>소스 파일</Filter>
    </ClCompile>
    <ClCompile Include="Dlg_Game_Setup.cpp">
      <Filter>소스 파일</Filter>
    </ClCompile>
    <ClCompile Include="Dlg_Help_Version.cpp">
      <Filter>소스 파일</Filter>
    </ClCompile>
    <ClCompile Include="Dlg_Help_HowToPlay.cpp">
      <Filter>소스 파일</Filter>
    </ClCompile>
    <ClCompile Include="Dlg_GameOver.cpp">
      <Filter>소스 파일</Filter>
    </ClCompile>
    <ClCompile Include="hextris.cpp">
      <Filter>소스 파일</Filter>
    </ClCompile>
  </ItemGroup>
  <ItemGroup>
    <ResourceCompile Include="hextris.rc">
      <Filter>리소스 파일</Filter>
    </ResourceCompile>
  </ItemGroup>
</Project>